{
  "name": "darknet-bindings",
  "version": "1.0.0-pre5",
  "lockfileVersion": 1,
  "requires": true,
  "dependencies": {
    "bindings": {
      "version": "1.3.0",
      "resolved": "https://registry.npmjs.org/bindings/-/bindings-1.3.0.tgz",
      "integrity": "sha512-DpLh5EzMR2kzvX1KIlVC0VkC3iZtHKTgdtZ0a3pglBZdaQFjt5S9g9xd1lE+YvXyfd6mtCeRnrUfOLYiTMlNSw=="
    },
    "hoek": {
      "version": "5.0.4",
      "resolved": "https://registry.npmjs.org/hoek/-/hoek-5.0.4.tgz",
      "integrity": "sha512-Alr4ZQgoMlnere5FZJsIyfIjORBqZll5POhDsF4q64dPuJR6rNxXdDxtHSQq8OXRurhmx+PWYEE8bXRROY8h0w=="
    },
    "nan": {
      "version": "2.11.0",
      "resolved": "https://registry.npmjs.org/nan/-/nan-2.11.0.tgz",
      "integrity": "sha512-F4miItu2rGnV2ySkXOQoA8FKz/SR2Q2sWP0sbTxNxz/tuokeC8WxOhPMcwi0qIyGtVn/rrSeLbvVkznqCdwYnw==",
      "dev": true
    },
    "node-addon-api": {
      "version": "1.4.0",
      "resolved": "https://registry.npmjs.org/node-addon-api/-/node-addon-api-1.4.0.tgz",
      "integrity": "sha512-agquHPHnxYGox7Rjz2+TZQeOiH8IVbNFSTyTPA+peMUAP6klgrBH5dcwHsNNChQh7l/dtF0JNmZPbCqd5OXOIQ=="
    },
    "segfault-handler": {
      "version": "1.0.1",
      "resolved": "https://registry.npmjs.org/segfault-handler/-/segfault-handler-1.0.1.tgz",
      "integrity": "sha512-3koBV3F0IPxTYacnoL7WoFlaMndXsXj62tiVbbW9Kzp3K+F9Y6GWW5XmKSv7j+7nf2M+qjNzc4W1iZoa8vocjw==",
      "dev": true,
      "requires": {
        "bindings": "^1.2.1",
        "nan": "^2.0.9"
      }
    }
  }
}
